// !$*UTF8*$!
{
	archiveVersion = 1;
	classes = {
	};
	objectVersion = 50;
	objects = {

/* Begin PBXBuildFile section */
		FA2F7C3824310A2B000CA53E /* AppDelegate.swift in Sources */ = {isa = PBXBuildFile; fileRef = FA2F7C3724310A2B000CA53E /* AppDelegate.swift */; };
		FA2F7C3A24310A2B000CA53E /* SceneDelegate.swift in Sources */ = {isa = PBXBuildFile; fileRef = FA2F7C3924310A2B000CA53E /* SceneDelegate.swift */; };
		FA2F7C3C24310A2B000CA53E /* ViewController.swift in Sources */ = {isa = PBXBuildFile; fileRef = FA2F7C3B24310A2B000CA53E /* ViewController.swift */; };
		FA2F7C3F24310A2B000CA53E /* Main.storyboard in Resources */ = {isa = PBXBuildFile; fileRef = FA2F7C3D24310A2B000CA53E /* Main.storyboard */; };
		FA2F7C4124310A2E000CA53E /* Assets.xcassets in Resources */ = {isa = PBXBuildFile; fileRef = FA2F7C4024310A2E000CA53E /* Assets.xcassets */; };
		FA2F7C4424310A2E000CA53E /* LaunchScreen.storyboard in Resources */ = {isa = PBXBuildFile; fileRef = FA2F7C4224310A2E000CA53E /* LaunchScreen.storyboard */; };
/* End PBXBuildFile section */

/* Begin PBXFileReference section */
		FA2F7C3424310A2B000CA53E /* Case2.app */ = {isa = PBXFileReference; explicitFileType = wrapper.application; includeInIndex = 0; path = Case2.app; sourceTree = BUILT_PRODUCTS_DIR; };
		FA2F7C3724310A2B000CA53E /* AppDelegate.swift */ = {isa = PBXFileReference; lastKnownFileType = sourcecode.swift; path = AppDelegate.swift; sourceTree = "<group>"; };
		FA2F7C3924310A2B000CA53E /* SceneDelegate.swift */ = {isa = PBXFileReference; lastKnownFileType = sourcecode.swift; path = SceneDelegate.swift; sourceTree = "<group>"; };
		FA2F7C3B24310A2B000CA53E /* ViewController.swift */ = {isa = PBXFileReference; lastKnownFileType = sourcecode.swift; path = ViewController.swift; sourceTree = "<group>"; };
		FA2F7C3E24310A2B000CA53E /* Base */ = {isa = PBXFileReference; lastKnownFileType = file.storyboard; name = Base; path = Base.lproj/Main.storyboard; sourceTree = "<group>"; };
		FA2F7C4024310A2E000CA53E /* Assets.xcassets */ = {isa = PBXFileReference; lastKnownFileType = folder.assetcatalog; path = Assets.xcassets; sourceTree = "<group>"; };
		FA2F7C4324310A2E000CA53E /* Base */ = {isa = PBXFileReference; lastKnownFileType = file.storyboard; name = Base; path = Base.lproj/LaunchScreen.storyboard; sourceTree = "<group>"; };
		FA2F7C4524310A2E000CA53E /* Info.plist */ = {isa = PBXFileReference; lastKnownFileType = text.plist.xml; path = Info.plist; sourceTree = "<group>"; };
/* End PBXFileReference section */

/* Begin PBXFrameworksBuildPhase section */
		FA2F7C3124310A2B000CA53E /* Frameworks */ = {
			isa = PBXFrameworksBuildPhase;
			buildActionMask = 2147483647;
			files = (
			);
			runOnlyForDeploymentPostprocessing = 0;
		};
/* End PBXFrameworksBuildPhase section */

/* Begin PBXGroup section */
		FA2F7C2B24310A2A000CA53E = {
			isa = PBXGroup;
			children = (
				FA2F7C3624310A2B000CA53E /* Case2 */,
				FA2F7C3524310A2B000CA53E /* Products */,
			);
			sourceTree = "<group>";
		};
		FA2F7C3524310A2B000CA53E /* Products */ = {
			isa = PBXGroup;
			children = (
				FA2F7C3424310A2B000CA53E /* Case2.app */,
			);
			name = Products;
			sourceTree = "<group>";
		};
		FA2F7C3624310A2B000CA53E /* Case2 */ = {
			isa = PBXGroup;
			children = (
				FA2F7C3724310A2B000CA53E /* AppDelegate.swift */,
				FA2F7C3924310A2B000CA53E /* SceneDelegate.swift */,
				FA2F7C3B24310A2B000CA53E /* ViewController.swift */,
				FA2F7C3D24310A2B000CA53E /* Main.storyboard */,
				FA2F7C4024310A2E000CA53E /* Assets.xcassets */,
				FA2F7C4224310A2E000CA53E /* LaunchScreen.storyboard */,
				FA2F7C4524310A2E000CA53E /* Info.plist */,
			);
			path = Case2;
			sourceTree = "<group>";
		};
/* End PBXGroup section */

/* Begin PBXNativeTarget section */
		FA2F7C3324310A2B000CA53E /* Case2 */ = {
			isa = PBXNativeTarget;
			buildConfigurationList = FA2F7C4824310A2E000CA53E /* Build configuration list for PBXNativeTarget "Case2" */;
			buildPhases = (
				FA2F7C3024310A2B000CA53E /* Sources */,
				FA2F7C3124310A2B000CA53E /* Frameworks */,
				FA2F7C3224310A2B000CA53E /* Resources */,
			);
			buildRules = (
			);
			dependencies = (
			);
			name = Case2;
			productName = Case2;
			productReference = FA2F7C3424310A2B000CA53E /* Case2.app */;
			productType = "com.apple.product-type.application";
		};
/* End PBXNativeTarget section */

/* Begin PBXProject section */
		FA2F7C2C24310A2A000CA53E /* Project object */ = {
			isa = PBXProject;
			attributes = {
				LastSwiftUpdateCheck = 1110;
				LastUpgradeCheck = 1110;
				ORGANIZATIONNAME = IWEB;
				TargetAttributes = {
					FA2F7C3324310A2B000CA53E = {
						CreatedOnToolsVersion = 11.1;
					};
				};
			};
			buildConfigurationList = FA2F7C2F24310A2A000CA53E /* Build configuration list for PBXProject "Case2" */;
			compatibilityVersion = "Xcode 9.3";
			developmentRegion = en;
			hasScannedForEncodings = 0;
			knownRegions = (
				en,
				Base,
			);
			mainGroup = FA2F7C2B24310A2A000CA53E;
			productRefGroup = FA2F7C3524310A2B000CA53E /* Products */;
			projectDirPath = "";
			projectRoot = "";
			targets = (
				FA2F7C3324310A2B000CA53E /* Case2 */,
			);
		};
/* End PBXProject section */

/* Begin PBXResourcesBuildPhase section */
		FA2F7C3224310A2B000CA53E /* Resources */ = {
			isa = PBXResourcesBuildPhase;
			buildActionMask = 2147483647;
			files = (
				FA2F7C4424310A2E000CA53E /* LaunchScreen.storyboard in Resources */,
				FA2F7C4124310A2E000CA53E /* Assets.xcassets in Resources */,
				FA2F7C3F24310A2B000CA53E /* Main.storyboard in Resources */,
			);
			runOnlyForDeploymentPostprocessing = 0;
		};
/* End PBXResourcesBuildPhase section */

/* Begin PBXSourcesBuildPhase section */
		FA2F7C3024310A2B000CA53E /* Sources */ = {
			isa = PBXSourcesBuildPhase;
			buildActionMask = 2147483647;
			files = (
				FA2F7C3C24310A2B000CA53E /* ViewController.swift in Sources */,
				FA2F7C3824310A2B000CA53E /* AppDelegate.swift in Sources */,
				FA2F7C3A24310A2B000CA53E /* SceneDelegate.swift in Sources */,
			);
			runOnlyForDeploymentPostprocessing = 0;
		};
/* End PBXSourcesBuildPhase section */

/* Begin PBXVariantGroup section */
		FA2F7C3D24310A2B000CA53E /* Main.storyboard */ = {
			isa = PBXVariantGroup;
			children = (
				FA2F7C3E24310A2B000CA53E /* Base */,
			);
			name = Main.storyboard;
			sourceTree = "<group>";
		};
		FA2F7C4224310A2E000CA53E /* LaunchScreen.storyboard */ = {
			isa = PBXVariantGroup;
			children = (
				FA2F7C4324310A2E000CA53E /* Base */,
			);
			name = LaunchScreen.storyboard;
			sourceTree = "<group>";
		};
/* End PBXVariantGroup section */

/* Begin XCBuildConfiguration section */
		FA2F7C4624310A2E000CA53E /* Debug */ = {
			isa = XCBuildConfiguration;
			buildSettings = {
				ALWAYS_SEARCH_USER_PATHS = NO;
				CLANG_ANALYZER_NONNULL = YES;
				CLANG_ANALYZER_NUMBER_OBJECT_CONVERSION = YES_AGGRESSIVE;
				CLANG_CXX_LANGUAGE_STANDARD = "gnu++14";
				CLANG_CXX_LIBRARY = "libc++";
				CLANG_ENABLE_MODULES = YES;
				CLANG_ENABLE_OBJC_ARC = YES;
				CLANG_ENABLE_OBJC_WEAK = YES;
				CLANG_WARN_BLOCK_CAPTURE_AUTORELEASING = YES;
				CLANG_WARN_BOOL_CONVERSION = YES;
				CLANG_WARN_COMMA = YES;
				CLANG_WARN_CONSTANT_CONVERSION = YES;
				CLANG_WARN_DEPRECATED_OBJC_IMPLEMENTATIONS = YES;
				CLANG_WARN_DIRECT_OBJC_ISA_USAGE = YES_ERROR;
				CLANG_WARN_DOCUMENTATION_COMMENTS = YES;
				CLANG_WARN_EMPTY_BODY = YES;
				CLANG_WARN_ENUM_CONVERSION = YES;
				CLANG_WARN_INFINITE_RECURSION = YES;
				CLANG_WARN_INT_CONVERSION = YES;
				CLANG_WARN_NON_LITERAL_NULL_CONVERSION = YES;
				CLANG_WARN_OBJC_IMPLICIT_RETAIN_SELF = YES;
				CLANG_WARN_OBJC_LITERAL_CONVERSION = YES;
				CLANG_WARN_OBJC_ROOT_CLASS = YES_ERROR;
				CLANG_WARN_RANGE_LOOP_ANALYSIS = YES;
				CLANG_WARN_STRICT_PROTOTYPES = YES;
				CLANG_WARN_SUSPICIOUS_MOVE = YES;
				CLANG_WARN_UNGUARDED_AVAILABILITY = YES_AGGRESSIVE;
				CLANG_WARN_UNREACHABLE_CODE = YES;
				CLANG_WARN__DUPLICATE_METHOD_MATCH = YES;
				COPY_PHASE_STRIP = NO;
				DEBUG_INFORMATION_FORMAT = dwarf;
				ENABLE_STRICT_OBJC_MSGSEND = YES;
				ENABLE_TESTABILITY = YES;
				GCC_C_LANGUAGE_STANDARD = gnu11;
				GCC_DYNAMIC_NO_PIC = NO;
				GCC_NO_COMMON_BLOCKS = YES;
				GCC_OPTIMIZATION_LEVEL = 0;
				GCC_PREPROCESSOR_DEFINITIONS = (
					"DEBUG=1",
					"$(inherited)",
				);
				GCC_WARN_64_TO_32_BIT_CONVERSION = YES;
				GCC_WARN_ABOUT_RETURN_TYPE = YES_ERROR;
				GCC_WARN_UNDECLARED_SELECTOR = YES;
				GCC_WARN_UNINITIALIZED_AUTOS = YES_AGGRESSIVE;
				GCC_WARN_UNUSED_FUNCTION = YES;
				GCC_WARN_UNUSED_VARIABLE = YES;
				IPHONEOS_DEPLOYMENT_TARGET = 13.1;
				MTL_ENABLE_DEBUG_INFO = INCLUDE_SOURCE;
				MTL_FAST_MATH = YES;
				ONLY_ACTIVE_ARCH = YES;
				SDKROOT = iphoneos;
				SWIFT_ACTIVE_COMPILATION_CONDITIONS = DEBUG;
				SWIFT_OPTIMIZATION_LEVEL = "-Onone";
			};
			name = Debug;
		};
		FA2F7C4724310A2E000CA53E /* Release */ = {
			isa = XCBuildConfiguration;
			buildSettings = {
				ALWAYS_SEARCH_USER_PATHS = NO;
				CLANG_ANALYZER_NONNULL = YES;
				CLANG_ANALYZER_NUMBER_OBJECT_CONVERSION = YES_AGGRESSIVE;
				CLANG_CXX_LANGUAGE_STANDARD = "gnu++14";
				CLANG_CXX_LIBRARY = "libc++";
				CLANG_ENABLE_MODULES = YES;
				CLANG_ENABLE_OBJC_ARC = YES;
				CLANG_ENABLE_OBJC_WEAK = YES;
				CLANG_WARN_BLOCK_CAPTURE_AUTORELEASING = YES;
				CLANG_WARN_BOOL_CONVERSION = YES;
				CLANG_WARN_COMMA = YES;
				CLANG_WARN_CONSTANT_CONVERSION = YES;
				CLANG_WARN_DEPRECATED_OBJC_IMPLEMENTATIONS = YES;
				CLANG_WARN_DIRECT_OBJC_ISA_USAGE = YES_ERROR;
				CLANG_WARN_DOCUMENTATION_COMMENTS = YES;
				CLANG_WARN_EMPTY_BODY = YES;
				CLANG_WARN_ENUM_CONVERSION = YES;
				CLANG_WARN_INFINITE_RECURSION = YES;
				CLANG_WARN_INT_CONVERSION = YES;
				CLANG_WARN_NON_LITERAL_NULL_CONVERSION = YES;
				CLANG_WARN_OBJC_IMPLICIT_RETAIN_SELF = YES;
				CLANG_WARN_OBJC_LITERAL_CONVERSION = YES;
				CLANG_WARN_OBJC_ROOT_CLASS = YES_ERROR;
				CLANG_WARN_RANGE_LOOP_ANALYSIS = YES;
				CLANG_WARN_STRICT_PROTOTYPES = YES;
				CLANG_WARN_SUSPICIOUS_MOVE = YES;
				CLANG_WARN_UNGUARDED_AVAILABILITY = YES_AGGRESSIVE;
				CLANG_WARN_UNREACHABLE_CODE = YES;
				CLANG_WARN__DUPLICATE_METHOD_MATCH = YES;
				COPY_PHASE_STRIP = NO;
				DEBUG_INFORMATION_FORMAT = "dwarf-with-dsym";
				ENABLE_NS_ASSERTIONS = NO;
				ENABLE_STRICT_OBJC_MSGSEND = YES;
				GCC_C_LANGUAGE_STANDARD = gnu11;
				GCC_NO_COMMON_BLOCKS = YES;
				GCC_WARN_64_TO_32_BIT_CONVERSION = YES;
				GCC_WARN_ABOUT_RETURN_TYPE = YES_ERROR;
				GCC_WARN_UNDECLARED_SELECTOR = YES;
				GCC_WARN_UNINITIALIZED_AUTOS = YES_AGGRESSIVE;
				GCC_WARN_UNUSED_FUNCTION = YES;
				GCC_WARN_UNUSED_VARIABLE = YES;
				IPHONEOS_DEPLOYMENT_TARGET = 13.1;
				MTL_ENABLE_DEBUG_INFO = NO;
				MTL_FAST_MATH = YES;
				SDKROOT = iphoneos;
				SWIFT_COMPILATION_MODE = wholemodule;
				SWIFT_OPTIMIZATION_LEVEL = "-O";
				VALIDATE_PRODUCT = YES;
			};
			name = Release;
		};
		FA2F7C4924310A2E000CA53E /* Debug */ = {
			isa = XCBuildConfiguration;
			buildSettings = {
				ASSETCATALOG_COMPILER_APPICON_NAME = AppIcon;
				CODE_SIGN_STYLE = Automatic;
				DEVELOPMENT_TEAM = GM69Q2VYDG;
				INFOPLIST_FILE = Case2/Info.plist;
				LD_RUNPATH_SEARCH_PATHS = (
					"$(inherited)",
					"@executable_path/Frameworks",
				);
				PRODUCT_BUNDLE_IDENTIFIER = es.upm.dit.iweb.Case2;
				PRODUCT_NAME = "$(TARGET_NAME)";
				SWIFT_VERSION = 5.0;
				TARGETED_DEVICE_FAMILY = "1,2";
			};
			name = Debug;
		};
		FA2F7C4A24310A2E000CA53E /* Release */ = {
			isa = XCBuildConfiguration;
			buildSettings = {
				ASSETCATALOG_COMPILER_APPICON_NAME = AppIcon;
				CODE_SIGN_STYLE = Automatic;
				DEVELOPMENT_TEAM = GM69Q2VYDG;
				INFOPLIST_FILE = Case2/Info.plist;
				LD_RUNPATH_SEARCH_PATHS = (
					"$(inherited)",
					"@executable_path/Frameworks",
				);
				PRODUCT_BUNDLE_IDENTIFIER = es.upm.dit.iweb.Case2;
				PRODUCT_NAME = "$(TARGET_NAME)";
				SWIFT_VERSION = 5.0;
				TARGETED_DEVICE_FAMILY = "1,2";
			};
			name = Release;
		};
/* End XCBuildConfiguration section */

/* Begin XCConfigurationList section */
		FA2F7C2F24310A2A000CA53E /* Build configuration list for PBXProject "Case2" */ = {
			isa = XCConfigurationList;
			buildConfigurations = (
				FA2F7C4624310A2E000CA53E /* Debug */,
				FA2F7C4724310A2E000CA53E /* Release */,
			);
			defaultConfigurationIsVisible = 0;
			defaultConfigurationName = Release;
		};
		FA2F7C4824310A2E000CA53E /* Build configuration list for PBXNativeTarget "Case2" */ = {
			isa = XCConfigurationList;
			buildConfigurations = (
				FA2F7C4924310A2E000CA53E /* Debug */,
				FA2F7C4A24310A2E000CA53E /* Release */,
			);
			defaultConfigurationIsVisible = 0;
			defaultConfigurationName = Release;
		};
/* End XCConfigurationList section */
	};
	rootObject = FA2F7C2C24310A2A000CA53E /* Project object */;
}
